
Microsoft Visual Studio Solution File, Format Version 12.00
# Visual Studio Version 17
VisualStudioVersion = 17.13.35806.99
MinimumVisualStudioVersion = 10.0.40219.1
Project("{2150E333-8FDC-42A3-9474-1A3956D46DE8}") = "Services", "Services", "{02EA681E-C7D8-13C7-8484-4AC65E1B71E8}"
EndProject
Project("{2150E333-8FDC-42A3-9474-1A3956D46DE8}") = "CatalogAPI", "CatalogAPI", "{4F77D854-B265-4376-BC57-D2B7B14B263A}"
EndProject
Project("{FAE04EC0-301F-11D3-BF4B-00C04F79EFBC}") = "Catalog.API", "Services\Catalog\Catalog.API\Catalog.API.csproj", "{B4E42377-021F-443B-957F-DD00E4F8D889}"
EndProject
Project("{E53339B2-1760-4266-BCC7-CA923CBCF16C}") = "docker-compose", "docker-compose.dcproj", "{81DDED9D-158B-E303-5F62-77A2896D2A5A}"
EndProject
Project("{2150E333-8FDC-42A3-9474-1A3956D46DE8}") = "BasketAPI", "BasketAPI", "{5D0B9125-D922-49B9-8379-62B3E5245895}"
EndProject
Project("{FAE04EC0-301F-11D3-BF4B-00C04F79EFBC}") = "Basket.API", "Services\BasketAPI\Basket.API\Basket.API.csproj", "{8DCCC10E-C949-4EDE-9A2F-DC9948BF72BD}"
EndProject
Project("{2150E333-8FDC-42A3-9474-1A3956D46DE8}") = "DiscountAPI", "DiscountAPI", "{542B725A-50FB-4595-AE02-27306E644483}"
EndProject
Project("{FAE04EC0-301F-11D3-BF4B-00C04F79EFBC}") = "Discount.API", "Services\DiscountAPI\Discount.API\Discount.API.csproj", "{FA3B0417-6FAA-41A0-9D55-919CAACC01F0}"
EndProject
Project("{FAE04EC0-301F-11D3-BF4B-00C04F79EFBC}") = "Discount.Grpc", "Services\DiscountAPI\DiscountGrpc\Discount.Grpc.csproj", "{6FA1EB36-8551-4DD4-9C8F-56C0AE02F706}"
EndProject
Project("{2150E333-8FDC-42A3-9474-1A3956D46DE8}") = "Ordering.API", "Ordering.API", "{9B42E556-61C1-4E77-9AC3-0472D9087F28}"
EndProject
Project("{FAE04EC0-301F-11D3-BF4B-00C04F79EFBC}") = "Ordering.API", "Services\Ordering.API\Ordering.API\Ordering.API.csproj", "{CF670F69-40E6-41FD-99DC-EEFAA7210242}"
EndProject
Project("{FAE04EC0-301F-11D3-BF4B-00C04F79EFBC}") = "Ordering.Domain", "Services\Ordering.API\Ordering.Domain\Ordering.Domain.csproj", "{36E65499-2577-41FB-8104-94589B6BB483}"
EndProject
Project("{FAE04EC0-301F-11D3-BF4B-00C04F79EFBC}") = "Ordering.Application", "Services\Ordering.API\Ordering.Application\Ordering.Application.csproj", "{A9C730CF-A339-41C8-A574-7DE7F58BA34B}"
EndProject
Project("{FAE04EC0-301F-11D3-BF4B-00C04F79EFBC}") = "Ordering.Infrastructure", "Services\Ordering.API\Ordering.Infrastructure\Ordering.Infrastructure.csproj", "{38962AB2-52ED-45A0-9F84-49924E35F107}"
EndProject
Global
	GlobalSection(SolutionConfigurationPlatforms) = preSolution
		Debug|Any CPU = Debug|Any CPU
		Release|Any CPU = Release|Any CPU
	EndGlobalSection
	GlobalSection(ProjectConfigurationPlatforms) = postSolution
		{B4E42377-021F-443B-957F-DD00E4F8D889}.Debug|Any CPU.ActiveCfg = Debug|Any CPU
		{B4E42377-021F-443B-957F-DD00E4F8D889}.Debug|Any CPU.Build.0 = Debug|Any CPU
		{B4E42377-021F-443B-957F-DD00E4F8D889}.Release|Any CPU.ActiveCfg = Release|Any CPU
		{B4E42377-021F-443B-957F-DD00E4F8D889}.Release|Any CPU.Build.0 = Release|Any CPU
		{81DDED9D-158B-E303-5F62-77A2896D2A5A}.Debug|Any CPU.ActiveCfg = Debug|Any CPU
		{81DDED9D-158B-E303-5F62-77A2896D2A5A}.Debug|Any CPU.Build.0 = Debug|Any CPU
		{81DDED9D-158B-E303-5F62-77A2896D2A5A}.Release|Any CPU.ActiveCfg = Release|Any CPU
		{81DDED9D-158B-E303-5F62-77A2896D2A5A}.Release|Any CPU.Build.0 = Release|Any CPU
		{8DCCC10E-C949-4EDE-9A2F-DC9948BF72BD}.Debug|Any CPU.ActiveCfg = Debug|Any CPU
		{8DCCC10E-C949-4EDE-9A2F-DC9948BF72BD}.Debug|Any CPU.Build.0 = Debug|Any CPU
		{8DCCC10E-C949-4EDE-9A2F-DC9948BF72BD}.Release|Any CPU.ActiveCfg = Release|Any CPU
		{8DCCC10E-C949-4EDE-9A2F-DC9948BF72BD}.Release|Any CPU.Build.0 = Release|Any CPU
		{FA3B0417-6FAA-41A0-9D55-919CAACC01F0}.Debug|Any CPU.ActiveCfg = Debug|Any CPU
		{FA3B0417-6FAA-41A0-9D55-919CAACC01F0}.Debug|Any CPU.Build.0 = Debug|Any CPU
		{FA3B0417-6FAA-41A0-9D55-919CAACC01F0}.Release|Any CPU.ActiveCfg = Release|Any CPU
		{FA3B0417-6FAA-41A0-9D55-919CAACC01F0}.Release|Any CPU.Build.0 = Release|Any CPU
		{6FA1EB36-8551-4DD4-9C8F-56C0AE02F706}.Debug|Any CPU.ActiveCfg = Debug|Any CPU
		{6FA1EB36-8551-4DD4-9C8F-56C0AE02F706}.Debug|Any CPU.Build.0 = Debug|Any CPU
		{6FA1EB36-8551-4DD4-9C8F-56C0AE02F706}.Release|Any CPU.ActiveCfg = Release|Any CPU
		{6FA1EB36-8551-4DD4-9C8F-56C0AE02F706}.Release|Any CPU.Build.0 = Release|Any CPU
		{CF670F69-40E6-41FD-99DC-EEFAA7210242}.Debug|Any CPU.ActiveCfg = Debug|Any CPU
		{CF670F69-40E6-41FD-99DC-EEFAA7210242}.Debug|Any CPU.Build.0 = Debug|Any CPU
		{CF670F69-40E6-41FD-99DC-EEFAA7210242}.Release|Any CPU.ActiveCfg = Release|Any CPU
		{CF670F69-40E6-41FD-99DC-EEFAA7210242}.Release|Any CPU.Build.0 = Release|Any CPU
		{36E65499-2577-41FB-8104-94589B6BB483}.Debug|Any CPU.ActiveCfg = Debug|Any CPU
		{36E65499-2577-41FB-8104-94589B6BB483}.Debug|Any CPU.Build.0 = Debug|Any CPU
		{36E65499-2577-41FB-8104-94589B6BB483}.Release|Any CPU.ActiveCfg = Release|Any CPU
		{36E65499-2577-41FB-8104-94589B6BB483}.Release|Any CPU.Build.0 = Release|Any CPU
		{A9C730CF-A339-41C8-A574-7DE7F58BA34B}.Debug|Any CPU.ActiveCfg = Debug|Any CPU
		{A9C730CF-A339-41C8-A574-7DE7F58BA34B}.Debug|Any CPU.Build.0 = Debug|Any CPU
		{A9C730CF-A339-41C8-A574-7DE7F58BA34B}.Release|Any CPU.ActiveCfg = Release|Any CPU
		{A9C730CF-A339-41C8-A574-7DE7F58BA34B}.Release|Any CPU.Build.0 = Release|Any CPU
		{38962AB2-52ED-45A0-9F84-49924E35F107}.Debug|Any CPU.ActiveCfg = Debug|Any CPU
		{38962AB2-52ED-45A0-9F84-49924E35F107}.Debug|Any CPU.Build.0 = Debug|Any CPU
		{38962AB2-52ED-45A0-9F84-49924E35F107}.Release|Any CPU.ActiveCfg = Release|Any CPU
		{38962AB2-52ED-45A0-9F84-49924E35F107}.Release|Any CPU.Build.0 = Release|Any CPU
	EndGlobalSection
	GlobalSection(SolutionProperties) = preSolution
		HideSolutionNode = FALSE
	EndGlobalSection
	GlobalSection(NestedProjects) = preSolution
		{4F77D854-B265-4376-BC57-D2B7B14B263A} = {02EA681E-C7D8-13C7-8484-4AC65E1B71E8}
		{B4E42377-021F-443B-957F-DD00E4F8D889} = {4F77D854-B265-4376-BC57-D2B7B14B263A}
		{5D0B9125-D922-49B9-8379-62B3E5245895} = {02EA681E-C7D8-13C7-8484-4AC65E1B71E8}
		{8DCCC10E-C949-4EDE-9A2F-DC9948BF72BD} = {5D0B9125-D922-49B9-8379-62B3E5245895}
		{542B725A-50FB-4595-AE02-27306E644483} = {02EA681E-C7D8-13C7-8484-4AC65E1B71E8}
		{FA3B0417-6FAA-41A0-9D55-919CAACC01F0} = {542B725A-50FB-4595-AE02-27306E644483}
		{6FA1EB36-8551-4DD4-9C8F-56C0AE02F706} = {542B725A-50FB-4595-AE02-27306E644483}
		{9B42E556-61C1-4E77-9AC3-0472D9087F28} = {02EA681E-C7D8-13C7-8484-4AC65E1B71E8}
		{CF670F69-40E6-41FD-99DC-EEFAA7210242} = {9B42E556-61C1-4E77-9AC3-0472D9087F28}
		{36E65499-2577-41FB-8104-94589B6BB483} = {9B42E556-61C1-4E77-9AC3-0472D9087F28}
		{A9C730CF-A339-41C8-A574-7DE7F58BA34B} = {9B42E556-61C1-4E77-9AC3-0472D9087F28}
		{38962AB2-52ED-45A0-9F84-49924E35F107} = {9B42E556-61C1-4E77-9AC3-0472D9087F28}
	EndGlobalSection
	GlobalSection(ExtensibilityGlobals) = postSolution
		SolutionGuid = {F54FBC14-81B2-493A-B5F3-8388A0B5A9A2}
	EndGlobalSection
EndGlobal
